
Microsoft Visual Studio Solution File, Format Version 12.00
# Visual Studio Version 16
VisualStudioVersion = 16.0.31911.196
MinimumVisualStudioVersion = 10.0.40219.1
Project("{FAE04EC0-301F-11D3-BF4B-00C04F79EFBC}") = "WebApplication1", "WebApplication1\WebApplication1.csproj", "{B538239B-0554-41E3-9EF8-CB8010F9C571}"
EndProject
Global
	GlobalSection(SolutionConfigurationPlatforms) = preSolution
		Debug|Any CPU = Debug|Any CPU
		Release|Any CPU = Release|Any CPU
	EndGlobalSection
	GlobalSection(ProjectConfigurationPlatforms) = postSolution
		{B538239B-0554-41E3-9EF8-CB8010F9C571}.Debug|Any CPU.ActiveCfg = Debug|Any CPU
		{B538239B-0554-41E3-9EF8-CB8010F9C571}.Debug|Any CPU.Build.0 = Debug|Any CPU
		{B538239B-0554-41E3-9EF8-CB8010F9C571}.Release|Any CPU.ActiveCfg = Release|Any CPU
		{B538239B-0554-41E3-9EF8-CB8010F9C571}.Release|Any CPU.Build.0 = Release|Any CPU
	EndGlobalSection
	GlobalSection(SolutionProperties) = preSolution
		HideSolutionNode = FALSE
	EndGlobalSection
	GlobalSection(ExtensibilityGlobals) = postSolution
		SolutionGuid = {0BB92151-7770-4EE3-B3AC-0984403E2E6A}
	EndGlobalSection
EndGlobal
